
Microsoft Visual Studio Solution File, Format Version 12.00
# Visual Studio Version 17
VisualStudioVersion = 17.13.35931.197 d17.13
MinimumVisualStudioVersion = 10.0.40219.1
Project("{FAE04EC0-301F-11D3-BF4B-00C04F79EFBC}") = "S25Week1CSharpFundamentals", "S25Week1CSharpFundamentals\S25Week1CSharpFundamentals.csproj", "{F5D9D7E2-5F65-4855-9FBF-846DB960889D}"
EndProject
Global
	GlobalSection(SolutionConfigurationPlatforms) = preSolution
		Debug|Any CPU = Debug|Any CPU
		Release|Any CPU = Release|Any CPU
	EndGlobalSection
	GlobalSection(ProjectConfigurationPlatforms) = postSolution
		{F5D9D7E2-5F65-4855-9FBF-846DB960889D}.Debug|Any CPU.ActiveCfg = Debug|Any CPU
		{F5D9D7E2-5F65-4855-9FBF-846DB960889D}.Debug|Any CPU.Build.0 = Debug|Any CPU
		{F5D9D7E2-5F65-4855-9FBF-846DB960889D}.Release|Any CPU.ActiveCfg = Release|Any CPU
		{F5D9D7E2-5F65-4855-9FBF-846DB960889D}.Release|Any CPU.Build.0 = Release|Any CPU
	EndGlobalSection
	GlobalSection(SolutionProperties) = preSolution
		HideSolutionNode = FALSE
	EndGlobalSection
	GlobalSection(ExtensibilityGlobals) = postSolution
		SolutionGuid = {D0C7DBCC-4158-404C-A554-1FB962E26757}
	EndGlobalSection
EndGlobal
